
Microsoft Visual Studio Solution File, Format Version 12.00
# Visual Studio 2012
Project("{FAE04EC0-301F-11D3-BF4B-00C04F79EFBC}") = "GaokaoWebUI", "GaokaoWeb\GaokaoWebUI.csproj", "{7D029F73-732E-4CC4-AA6D-8A874BBE787F}"
EndProject
Project("{FAE04EC0-301F-11D3-BF4B-00C04F79EFBC}") = "Model", "Model\Model.csproj", "{7BBC41C0-C01F-47E3-9B97-D7BEC8D837A8}"
EndProject
Project("{2150E333-8FDC-42A3-9474-1A3956D46DE8}") = "02FrameWork", "02FrameWork", "{A73724C3-51CA-4C00-87DB-E6943AF3EE7D}"
EndProject
Project("{2150E333-8FDC-42A3-9474-1A3956D46DE8}") = "03WebTool", "03WebTool", "{F27FE4D0-1373-45B3-94A1-0AFDF12F309F}"
EndProject
Project("{2150E333-8FDC-42A3-9474-1A3956D46DE8}") = "01Core", "01Core", "{F39E69A9-8F93-4D84-945F-66C88E981590}"
EndProject
Project("{FAE04EC0-301F-11D3-BF4B-00C04F79EFBC}") = "Wind.Framework.Utility", "Wind.Framework.Utility\Wind.Framework.Utility.csproj", "{F0A32C90-BD44-4945-8AEC-CC2EC62C5B4D}"
EndProject
Project("{FAE04EC0-301F-11D3-BF4B-00C04F79EFBC}") = "Wind.Web", "Wind.Web\Wind.Web.csproj", "{FB3EA585-2B02-4580-B915-CD7650922E1B}"
EndProject
Project("{FAE04EC0-301F-11D3-BF4B-00C04F79EFBC}") = "Wind.Framework.Web", "Wind.Framework.Web\Wind.Framework.Web.csproj", "{A7FBC24B-4249-4B03-9464-27C16E6371E0}"
EndProject
Project("{FAE04EC0-301F-11D3-BF4B-00C04F79EFBC}") = "Wind.Framework.Contract", "Wind.Framework.Contract\Wind.Framework.Contract.csproj", "{03D61A26-DD98-457D-BB68-9D6341CBE6B6}"
EndProject
Project("{FAE04EC0-301F-11D3-BF4B-00C04F79EFBC}") = "Wind.Core.Cache", "Wind.Core.Cache\Wind.Core.Cache.csproj", "{F78221C7-0160-4986-839E-FD3F6931E1A4}"
EndProject
Project("{FAE04EC0-301F-11D3-BF4B-00C04F79EFBC}") = "Wind.Core.Config", "Wind.Core.Config\Wind.Core.Config.csproj", "{8C15B41E-8F6A-4107-9315-14D767728B59}"
EndProject
Project("{FAE04EC0-301F-11D3-BF4B-00C04F79EFBC}") = "Wind.Core.Log", "Wind.Core.Log\Wind.Core.Log.csproj", "{5F25A828-1F71-4856-BB44-8E1DB6529D3F}"
EndProject
Project("{FAE04EC0-301F-11D3-BF4B-00C04F79EFBC}") = "Wind.Framework.DAL", "Wind.Framework.DAL\Wind.Framework.DAL.csproj", "{E9F124E2-CFE5-49C5-B2B9-C7DA2A7B1440}"
EndProject
Project("{FAE04EC0-301F-11D3-BF4B-00C04F79EFBC}") = "Wind.Core.Module", "Wind.Core.Module\Wind.Core.Module.csproj", "{A2FBE4B7-9875-49AB-89BE-BC73DD3A3022}"
EndProject
Project("{FAE04EC0-301F-11D3-BF4B-00C04F79EFBC}") = "Wind.Core.Service", "Wind.Core.Service\Wind.Core.Service.csproj", "{7E1A87F4-40F2-453A-B95A-96C98CED0204}"
EndProject
Project("{FAE04EC0-301F-11D3-BF4B-00C04F79EFBC}") = "Wind.Core.Upload", "Wind.Core.Upload\Wind.Core.Upload.csproj", "{A27D9B7D-1333-442F-A380-A72ED3D41A1B}"
EndProject
Project("{2150E333-8FDC-42A3-9474-1A3956D46DE8}") = "04Account", "04Account", "{A4E5A749-72C5-4FCC-A1BD-4DA77BA47445}"
EndProject
Project("{FAE04EC0-301F-11D3-BF4B-00C04F79EFBC}") = "Wind.Account.DAL", "Wind.Account.DAL\Wind.Account.DAL.csproj", "{80AECFEA-F40D-4D74-9AF0-C227DE0414EF}"
EndProject
Project("{FAE04EC0-301F-11D3-BF4B-00C04F79EFBC}") = "Wind.Account.Contract", "Wind.Account.Contract\Wind.Account.Contract.csproj", "{846D733C-AB85-4BA5-9163-7B28FE07F8AA}"
EndProject
Project("{FAE04EC0-301F-11D3-BF4B-00C04F79EFBC}") = "Wind.Account.BLL", "Wind.Account.BLL\Wind.Account.BLL.csproj", "{8DD6805F-D195-4C2C-A2D9-9968638B1179}"
EndProject
Project("{FAE04EC0-301F-11D3-BF4B-00C04F79EFBC}") = "GaoKao.WebUI", "GaoKao.WebUI\GaoKao.WebUI.csproj", "{C0A43D4C-DEC0-49FE-AC3B-679E3EF0AC0B}"
EndProject
Global
	GlobalSection(SolutionConfigurationPlatforms) = preSolution
		Debug|Any CPU = Debug|Any CPU
		Release|Any CPU = Release|Any CPU
	EndGlobalSection
	GlobalSection(ProjectConfigurationPlatforms) = postSolution
		{7D029F73-732E-4CC4-AA6D-8A874BBE787F}.Debug|Any CPU.ActiveCfg = Debug|Any CPU
		{7D029F73-732E-4CC4-AA6D-8A874BBE787F}.Debug|Any CPU.Build.0 = Debug|Any CPU
		{7D029F73-732E-4CC4-AA6D-8A874BBE787F}.Release|Any CPU.ActiveCfg = Release|Any CPU
		{7D029F73-732E-4CC4-AA6D-8A874BBE787F}.Release|Any CPU.Build.0 = Release|Any CPU
		{7BBC41C0-C01F-47E3-9B97-D7BEC8D837A8}.Debug|Any CPU.ActiveCfg = Debug|Any CPU
		{7BBC41C0-C01F-47E3-9B97-D7BEC8D837A8}.Debug|Any CPU.Build.0 = Debug|Any CPU
		{7BBC41C0-C01F-47E3-9B97-D7BEC8D837A8}.Release|Any CPU.ActiveCfg = Release|Any CPU
		{7BBC41C0-C01F-47E3-9B97-D7BEC8D837A8}.Release|Any CPU.Build.0 = Release|Any CPU
		{F0A32C90-BD44-4945-8AEC-CC2EC62C5B4D}.Debug|Any CPU.ActiveCfg = Debug|Any CPU
		{F0A32C90-BD44-4945-8AEC-CC2EC62C5B4D}.Debug|Any CPU.Build.0 = Debug|Any CPU
		{F0A32C90-BD44-4945-8AEC-CC2EC62C5B4D}.Release|Any CPU.ActiveCfg = Release|Any CPU
		{F0A32C90-BD44-4945-8AEC-CC2EC62C5B4D}.Release|Any CPU.Build.0 = Release|Any CPU
		{FB3EA585-2B02-4580-B915-CD7650922E1B}.Debug|Any CPU.ActiveCfg = Debug|Any CPU
		{FB3EA585-2B02-4580-B915-CD7650922E1B}.Debug|Any CPU.Build.0 = Debug|Any CPU
		{FB3EA585-2B02-4580-B915-CD7650922E1B}.Release|Any CPU.ActiveCfg = Release|Any CPU
		{FB3EA585-2B02-4580-B915-CD7650922E1B}.Release|Any CPU.Build.0 = Release|Any CPU
		{A7FBC24B-4249-4B03-9464-27C16E6371E0}.Debug|Any CPU.ActiveCfg = Debug|Any CPU
		{A7FBC24B-4249-4B03-9464-27C16E6371E0}.Debug|Any CPU.Build.0 = Debug|Any CPU
		{A7FBC24B-4249-4B03-9464-27C16E6371E0}.Release|Any CPU.ActiveCfg = Release|Any CPU
		{A7FBC24B-4249-4B03-9464-27C16E6371E0}.Release|Any CPU.Build.0 = Release|Any CPU
		{03D61A26-DD98-457D-BB68-9D6341CBE6B6}.Debug|Any CPU.ActiveCfg = Debug|Any CPU
		{03D61A26-DD98-457D-BB68-9D6341CBE6B6}.Debug|Any CPU.Build.0 = Debug|Any CPU
		{03D61A26-DD98-457D-BB68-9D6341CBE6B6}.Release|Any CPU.ActiveCfg = Release|Any CPU
		{03D61A26-DD98-457D-BB68-9D6341CBE6B6}.Release|Any CPU.Build.0 = Release|Any CPU
		{F78221C7-0160-4986-839E-FD3F6931E1A4}.Debug|Any CPU.ActiveCfg = Debug|Any CPU
		{F78221C7-0160-4986-839E-FD3F6931E1A4}.Debug|Any CPU.Build.0 = Debug|Any CPU
		{F78221C7-0160-4986-839E-FD3F6931E1A4}.Release|Any CPU.ActiveCfg = Release|Any CPU
		{F78221C7-0160-4986-839E-FD3F6931E1A4}.Release|Any CPU.Build.0 = Release|Any CPU
		{8C15B41E-8F6A-4107-9315-14D767728B59}.Debug|Any CPU.ActiveCfg = Debug|Any CPU
		{8C15B41E-8F6A-4107-9315-14D767728B59}.Debug|Any CPU.Build.0 = Debug|Any CPU
		{8C15B41E-8F6A-4107-9315-14D767728B59}.Release|Any CPU.ActiveCfg = Release|Any CPU
		{8C15B41E-8F6A-4107-9315-14D767728B59}.Release|Any CPU.Build.0 = Release|Any CPU
		{5F25A828-1F71-4856-BB44-8E1DB6529D3F}.Debug|Any CPU.ActiveCfg = Debug|Any CPU
		{5F25A828-1F71-4856-BB44-8E1DB6529D3F}.Debug|Any CPU.Build.0 = Debug|Any CPU
		{5F25A828-1F71-4856-BB44-8E1DB6529D3F}.Release|Any CPU.ActiveCfg = Release|Any CPU
		{5F25A828-1F71-4856-BB44-8E1DB6529D3F}.Release|Any CPU.Build.0 = Release|Any CPU
		{E9F124E2-CFE5-49C5-B2B9-C7DA2A7B1440}.Debug|Any CPU.ActiveCfg = Debug|Any CPU
		{E9F124E2-CFE5-49C5-B2B9-C7DA2A7B1440}.Debug|Any CPU.Build.0 = Debug|Any CPU
		{E9F124E2-CFE5-49C5-B2B9-C7DA2A7B1440}.Release|Any CPU.ActiveCfg = Release|Any CPU
		{E9F124E2-CFE5-49C5-B2B9-C7DA2A7B1440}.Release|Any CPU.Build.0 = Release|Any CPU
		{A2FBE4B7-9875-49AB-89BE-BC73DD3A3022}.Debug|Any CPU.ActiveCfg = Debug|Any CPU
		{A2FBE4B7-9875-49AB-89BE-BC73DD3A3022}.Debug|Any CPU.Build.0 = Debug|Any CPU
		{A2FBE4B7-9875-49AB-89BE-BC73DD3A3022}.Release|Any CPU.ActiveCfg = Release|Any CPU
		{A2FBE4B7-9875-49AB-89BE-BC73DD3A3022}.Release|Any CPU.Build.0 = Release|Any CPU
		{7E1A87F4-40F2-453A-B95A-96C98CED0204}.Debug|Any CPU.ActiveCfg = Debug|Any CPU
		{7E1A87F4-40F2-453A-B95A-96C98CED0204}.Debug|Any CPU.Build.0 = Debug|Any CPU
		{7E1A87F4-40F2-453A-B95A-96C98CED0204}.Release|Any CPU.ActiveCfg = Release|Any CPU
		{7E1A87F4-40F2-453A-B95A-96C98CED0204}.Release|Any CPU.Build.0 = Release|Any CPU
		{A27D9B7D-1333-442F-A380-A72ED3D41A1B}.Debug|Any CPU.ActiveCfg = Debug|Any CPU
		{A27D9B7D-1333-442F-A380-A72ED3D41A1B}.Debug|Any CPU.Build.0 = Debug|Any CPU
		{A27D9B7D-1333-442F-A380-A72ED3D41A1B}.Release|Any CPU.ActiveCfg = Release|Any CPU
		{A27D9B7D-1333-442F-A380-A72ED3D41A1B}.Release|Any CPU.Build.0 = Release|Any CPU
		{80AECFEA-F40D-4D74-9AF0-C227DE0414EF}.Debug|Any CPU.ActiveCfg = Debug|Any CPU
		{80AECFEA-F40D-4D74-9AF0-C227DE0414EF}.Debug|Any CPU.Build.0 = Debug|Any CPU
		{80AECFEA-F40D-4D74-9AF0-C227DE0414EF}.Release|Any CPU.ActiveCfg = Release|Any CPU
		{80AECFEA-F40D-4D74-9AF0-C227DE0414EF}.Release|Any CPU.Build.0 = Release|Any CPU
		{846D733C-AB85-4BA5-9163-7B28FE07F8AA}.Debug|Any CPU.ActiveCfg = Debug|Any CPU
		{846D733C-AB85-4BA5-9163-7B28FE07F8AA}.Debug|Any CPU.Build.0 = Debug|Any CPU
		{846D733C-AB85-4BA5-9163-7B28FE07F8AA}.Release|Any CPU.ActiveCfg = Release|Any CPU
		{846D733C-AB85-4BA5-9163-7B28FE07F8AA}.Release|Any CPU.Build.0 = Release|Any CPU
		{8DD6805F-D195-4C2C-A2D9-9968638B1179}.Debug|Any CPU.ActiveCfg = Debug|Any CPU
		{8DD6805F-D195-4C2C-A2D9-9968638B1179}.Debug|Any CPU.Build.0 = Debug|Any CPU
		{8DD6805F-D195-4C2C-A2D9-9968638B1179}.Release|Any CPU.ActiveCfg = Release|Any CPU
		{8DD6805F-D195-4C2C-A2D9-9968638B1179}.Release|Any CPU.Build.0 = Release|Any CPU
		{C0A43D4C-DEC0-49FE-AC3B-679E3EF0AC0B}.Debug|Any CPU.ActiveCfg = Debug|Any CPU
		{C0A43D4C-DEC0-49FE-AC3B-679E3EF0AC0B}.Debug|Any CPU.Build.0 = Debug|Any CPU
		{C0A43D4C-DEC0-49FE-AC3B-679E3EF0AC0B}.Release|Any CPU.ActiveCfg = Release|Any CPU
		{C0A43D4C-DEC0-49FE-AC3B-679E3EF0AC0B}.Release|Any CPU.Build.0 = Release|Any CPU
	EndGlobalSection
	GlobalSection(SolutionProperties) = preSolution
		HideSolutionNode = FALSE
	EndGlobalSection
	GlobalSection(NestedProjects) = preSolution
		{F0A32C90-BD44-4945-8AEC-CC2EC62C5B4D} = {A73724C3-51CA-4C00-87DB-E6943AF3EE7D}
		{A7FBC24B-4249-4B03-9464-27C16E6371E0} = {A73724C3-51CA-4C00-87DB-E6943AF3EE7D}
		{03D61A26-DD98-457D-BB68-9D6341CBE6B6} = {A73724C3-51CA-4C00-87DB-E6943AF3EE7D}
		{E9F124E2-CFE5-49C5-B2B9-C7DA2A7B1440} = {A73724C3-51CA-4C00-87DB-E6943AF3EE7D}
		{FB3EA585-2B02-4580-B915-CD7650922E1B} = {F27FE4D0-1373-45B3-94A1-0AFDF12F309F}
		{F78221C7-0160-4986-839E-FD3F6931E1A4} = {F39E69A9-8F93-4D84-945F-66C88E981590}
		{8C15B41E-8F6A-4107-9315-14D767728B59} = {F39E69A9-8F93-4D84-945F-66C88E981590}
		{5F25A828-1F71-4856-BB44-8E1DB6529D3F} = {F39E69A9-8F93-4D84-945F-66C88E981590}
		{A2FBE4B7-9875-49AB-89BE-BC73DD3A3022} = {F39E69A9-8F93-4D84-945F-66C88E981590}
		{7E1A87F4-40F2-453A-B95A-96C98CED0204} = {F39E69A9-8F93-4D84-945F-66C88E981590}
		{A27D9B7D-1333-442F-A380-A72ED3D41A1B} = {F39E69A9-8F93-4D84-945F-66C88E981590}
		{80AECFEA-F40D-4D74-9AF0-C227DE0414EF} = {A4E5A749-72C5-4FCC-A1BD-4DA77BA47445}
		{846D733C-AB85-4BA5-9163-7B28FE07F8AA} = {A4E5A749-72C5-4FCC-A1BD-4DA77BA47445}
		{8DD6805F-D195-4C2C-A2D9-9968638B1179} = {A4E5A749-72C5-4FCC-A1BD-4DA77BA47445}
	EndGlobalSection
EndGlobal
